{
  "name": "webapp01",
  "lockfileVersion": 2,
  "requires": true,
  "packages": {
    "": {
      "dependencies": {
        "create-next-app": "^13.0.3"
      }
    },
    "node_modules/create-next-app": {
      "version": "13.0.3",
      "resolved": "https://registry.npmjs.org/create-next-app/-/create-next-app-13.0.3.tgz",
      "integrity": "sha512-OiJ/Jm4OL5DjVt25lVbV7AgxDPllHYX2+9N/bTEOYZ3oIKtZKFgIuWZalCTVnN2UI3GL723IvV2XwVFclI/7yw==",
      "bin": {
        "create-next-app": "dist/index.js"
      },
      "engines": {
        "node": ">=14.6.0"
      }
    }
  },
  "dependencies": {
    "create-next-app": {
      "version": "13.0.3",
      "resolved": "https://registry.npmjs.org/create-next-app/-/create-next-app-13.0.3.tgz",
      "integrity": "sha512-OiJ/Jm4OL5DjVt25lVbV7AgxDPllHYX2+9N/bTEOYZ3oIKtZKFgIuWZalCTVnN2UI3GL723IvV2XwVFclI/7yw=="
    }
  }
}
